
Microsoft Visual Studio Solution File, Format Version 12.00
# Visual Studio 15
VisualStudioVersion = 15.0.28307.106
MinimumVisualStudioVersion = 10.0.40219.1
Project("{FAE04EC0-301F-11D3-BF4B-00C04F79EFBC}") = "InterfaceSegregation", "InterfaceSegregation\InterfaceSegregation.csproj", "{FC4EE221-2C8B-42DD-9EE7-75C085B7E39F}"
EndProject
Global
	GlobalSection(SolutionConfigurationPlatforms) = preSolution
		Debug|Any CPU = Debug|Any CPU
		Release|Any CPU = Release|Any CPU
	EndGlobalSection
	GlobalSection(ProjectConfigurationPlatforms) = postSolution
		{FC4EE221-2C8B-42DD-9EE7-75C085B7E39F}.Debug|Any CPU.ActiveCfg = Debug|Any CPU
		{FC4EE221-2C8B-42DD-9EE7-75C085B7E39F}.Debug|Any CPU.Build.0 = Debug|Any CPU
		{FC4EE221-2C8B-42DD-9EE7-75C085B7E39F}.Release|Any CPU.ActiveCfg = Release|Any CPU
		{FC4EE221-2C8B-42DD-9EE7-75C085B7E39F}.Release|Any CPU.Build.0 = Release|Any CPU
	EndGlobalSection
	GlobalSection(SolutionProperties) = preSolution
		HideSolutionNode = FALSE
	EndGlobalSection
	GlobalSection(ExtensibilityGlobals) = postSolution
		SolutionGuid = {1018CFBA-CF27-40F6-A92C-82B2D13A4791}
	EndGlobalSection
EndGlobal
